<?xml version="1.0" encoding="utf-8"?>
<Project ToolsVersion="4.0" xmlns="http://schemas.microsoft.com/developer/msbuild/2003">
  <ItemGroup>
    <ClCompile Include="BattleSystem.cpp" />
    <ClCompile Include="Dungeon.cpp" />
    <ClCompile Include="GameLogger.cpp" />
    <ClCompile Include="GameStatistics.cpp" />
    <ClCompile Include="GiantSquid.cpp" />
    <ClCompile Include="InputSystem.cpp" />
    <ClCompile Include="Lobby.cpp" />
    <ClCompile Include="GameManager.cpp" />
    <ClCompile Include="Monster.cpp" />
    <ClCompile Include="Item.cpp" />
    <ClCompile Include="MonsterFactory.cpp" />
    <ClCompile Include="Random.cpp" />
    <ClCompile Include="Shop.cpp" />
    <ClCompile Include="Singleton.cpp" />
    <ClCompile Include="Stage.cpp" />
    <ClCompile Include="ViperFish.cpp" />
    <ClCompile Include="Player.cpp" />
    <ClCompile Include="Restless_Ocean.cpp" />
    <ClCompile Include="FootballFish.cpp" />
    <ClCompile Include="Weapon.cpp" />
  </ItemGroup>
  <ItemGroup>
    <ClInclude Include="BattleSystem.h" />
    <ClInclude Include="DataType.h" />
    <ClInclude Include="Dungeon.h" />
    <ClInclude Include="GameLogger.h" />
    <ClInclude Include="GameStatistics.h" />
    <ClInclude Include="GiantSquid.h" />
    <ClInclude Include="InputSystem.h" />
    <ClInclude Include="Inventory.h" />
    <ClInclude Include="json.hpp" />
    <ClInclude Include="Lobby.h" />
    <ClInclude Include="GameManager.h" />
    <ClInclude Include="Monster.h" />
    <ClInclude Include="Item.h" />
    <ClInclude Include="MonsterFactory.h" />
    <ClInclude Include="Random.h" />
    <ClInclude Include="Shop.h" />
    <ClInclude Include="Singleton.h" />
    <ClInclude Include="Stage.h" />
    <ClInclude Include="ViperFish.h" />
    <ClInclude Include="Player.h" />
    <ClInclude Include="FootballFish.h" />
    <ClInclude Include="Weapon.h" />
  </ItemGroup>
</Project>